
Microsoft Visual Studio Solution File, Format Version 11.00
# Visual Studio 2010
Project("{FAE04EC0-301F-11D3-BF4B-00C04F79EFBC}") = "CimexUtility", "CimexUtility\CimexUtility.csproj", "{EAC72B6A-ED12-402F-B297-BA3DFE31695C}"
EndProject
Project("{FAE04EC0-301F-11D3-BF4B-00C04F79EFBC}") = "CimexUtility.Test", "CimexUtility.Test\CimexUtility.Test.csproj", "{7E822AAA-4D1B-4019-BB86-50015BE10664}"
EndProject
Global
	GlobalSection(SolutionConfigurationPlatforms) = preSolution
		Debug|Any CPU = Debug|Any CPU
		Release|Any CPU = Release|Any CPU
	EndGlobalSection
	GlobalSection(ProjectConfigurationPlatforms) = postSolution
		{EAC72B6A-ED12-402F-B297-BA3DFE31695C}.Debug|Any CPU.ActiveCfg = Debug|Any CPU
		{EAC72B6A-ED12-402F-B297-BA3DFE31695C}.Debug|Any CPU.Build.0 = Debug|Any CPU
		{EAC72B6A-ED12-402F-B297-BA3DFE31695C}.Release|Any CPU.ActiveCfg = Release|Any CPU
		{EAC72B6A-ED12-402F-B297-BA3DFE31695C}.Release|Any CPU.Build.0 = Release|Any CPU
		{7E822AAA-4D1B-4019-BB86-50015BE10664}.Debug|Any CPU.ActiveCfg = Debug|Any CPU
		{7E822AAA-4D1B-4019-BB86-50015BE10664}.Debug|Any CPU.Build.0 = Debug|Any CPU
		{7E822AAA-4D1B-4019-BB86-50015BE10664}.Release|Any CPU.ActiveCfg = Debug|Any CPU
		{7E822AAA-4D1B-4019-BB86-50015BE10664}.Release|Any CPU.Build.0 = Debug|Any CPU
	EndGlobalSection
	GlobalSection(SolutionProperties) = preSolution
		HideSolutionNode = FALSE
	EndGlobalSection
EndGlobal
